
Microsoft Visual Studio Solution File, Format Version 12.00
# Visual Studio 15
VisualStudioVersion = 15.0.28307.1340
MinimumVisualStudioVersion = 10.0.40219.1
Project("{FAE04EC0-301F-11D3-BF4B-00C04F79EFBC}") = "DocViewer", "DocViewer.csproj", "{ED7A750C-585B-4817-BF2C-DAD2FE7AC5AB}"
EndProject
Global
	GlobalSection(SolutionConfigurationPlatforms) = preSolution
		Debug|Any CPU = Debug|Any CPU
		Release|Any CPU = Release|Any CPU
	EndGlobalSection
	GlobalSection(ProjectConfigurationPlatforms) = postSolution
		{ED7A750C-585B-4817-BF2C-DAD2FE7AC5AB}.Debug|Any CPU.ActiveCfg = Debug|Any CPU
		{ED7A750C-585B-4817-BF2C-DAD2FE7AC5AB}.Debug|Any CPU.Build.0 = Debug|Any CPU
		{ED7A750C-585B-4817-BF2C-DAD2FE7AC5AB}.Release|Any CPU.ActiveCfg = Release|Any CPU
		{ED7A750C-585B-4817-BF2C-DAD2FE7AC5AB}.Release|Any CPU.Build.0 = Release|Any CPU
	EndGlobalSection
	GlobalSection(SolutionProperties) = preSolution
		HideSolutionNode = FALSE
	EndGlobalSection
	GlobalSection(ExtensibilityGlobals) = postSolution
		SolutionGuid = {CB14B673-40CB-403C-BF32-3E3DF3790AD7}
	EndGlobalSection
EndGlobal
